// !$*UTF8*$!
{
	archiveVersion = 1;
	classes = {
	};
	objectVersion = 56;
	objects = {

/* Begin PBXBuildFile section */
		004A325B29B477E8001832E5 /* AppDelegate.swift in Sources */ = {isa = PBXBuildFile; fileRef = 004A325A29B477E8001832E5 /* AppDelegate.swift */; };
		004A325D29B477E8001832E5 /* SceneDelegate.swift in Sources */ = {isa = PBXBuildFile; fileRef = 004A325C29B477E8001832E5 /* SceneDelegate.swift */; };
		004A325F29B477E8001832E5 /* ViewController.swift in Sources */ = {isa = PBXBuildFile; fileRef = 004A325E29B477E8001832E5 /* ViewController.swift */; };
		004A326229B477E8001832E5 /* Main.storyboard in Resources */ = {isa = PBXBuildFile; fileRef = 004A326029B477E8001832E5 /* Main.storyboard */; };
		004A326429B477E8001832E5 /* Assets.xcassets in Resources */ = {isa = PBXBuildFile; fileRef = 004A326329B477E8001832E5 /* Assets.xcassets */; };
		004A326729B477E8001832E5 /* LaunchScreen.storyboard in Resources */ = {isa = PBXBuildFile; fileRef = 004A326529B477E8001832E5 /* LaunchScreen.storyboard */; };
		004A333729B4958C001832E5 /* WaterfallLayout.swift in Sources */ = {isa = PBXBuildFile; fileRef = 004A333629B4958C001832E5 /* WaterfallLayout.swift */; };
		004A334429B49632001832E5 /* girl_8.jpg in Resources */ = {isa = PBXBuildFile; fileRef = 004A333929B49632001832E5 /* girl_8.jpg */; };
		004A334629B49632001832E5 /* girl_4.jpg in Resources */ = {isa = PBXBuildFile; fileRef = 004A333B29B49632001832E5 /* girl_4.jpg */; };
		004A334729B49632001832E5 /* girl_5.jpg in Resources */ = {isa = PBXBuildFile; fileRef = 004A333C29B49632001832E5 /* girl_5.jpg */; };
		004A334829B49632001832E5 /* girl_7.jpg in Resources */ = {isa = PBXBuildFile; fileRef = 004A333D29B49632001832E5 /* girl_7.jpg */; };
		004A334929B49632001832E5 /* girl_6.jpg in Resources */ = {isa = PBXBuildFile; fileRef = 004A333E29B49632001832E5 /* girl_6.jpg */; };
		004A334B29B49632001832E5 /* girl_2.jpg in Resources */ = {isa = PBXBuildFile; fileRef = 004A334029B49632001832E5 /* girl_2.jpg */; };
		004A334C29B49632001832E5 /* girl_3.jpg in Resources */ = {isa = PBXBuildFile; fileRef = 004A334129B49632001832E5 /* girl_3.jpg */; };
		004A334D29B49632001832E5 /* girl_1.jpg in Resources */ = {isa = PBXBuildFile; fileRef = 004A334229B49632001832E5 /* girl_1.jpg */; };
		004A335129B4968F001832E5 /* girl_9.jpg in Resources */ = {isa = PBXBuildFile; fileRef = 004A335029B4968F001832E5 /* girl_9.jpg */; };
		004A335329B496A7001832E5 /* girl_12.jpg in Resources */ = {isa = PBXBuildFile; fileRef = 004A335229B496A7001832E5 /* girl_12.jpg */; };
		004A335529B496AD001832E5 /* girl_15.jpg in Resources */ = {isa = PBXBuildFile; fileRef = 004A335429B496AD001832E5 /* girl_15.jpg */; };
		004A335729B496B4001832E5 /* girl_13.jpg in Resources */ = {isa = PBXBuildFile; fileRef = 004A335629B496B4001832E5 /* girl_13.jpg */; };
		004A335929B496DB001832E5 /* girl_16.jpg in Resources */ = {isa = PBXBuildFile; fileRef = 004A335829B496DB001832E5 /* girl_16.jpg */; };
		004A335B29B496E0001832E5 /* girl_11.jpg in Resources */ = {isa = PBXBuildFile; fileRef = 004A335A29B496E0001832E5 /* girl_11.jpg */; };
		004A335D29B496ED001832E5 /* girl_14.jpg in Resources */ = {isa = PBXBuildFile; fileRef = 004A335C29B496ED001832E5 /* girl_14.jpg */; };
		004A335F29B496F2001832E5 /* girl_10.jpg in Resources */ = {isa = PBXBuildFile; fileRef = 004A335E29B496F2001832E5 /* girl_10.jpg */; };
		004A336429B4ACD3001832E5 /* Girl.swift in Sources */ = {isa = PBXBuildFile; fileRef = 004A336329B4ACD3001832E5 /* Girl.swift */; };
		004A336629B4ACDE001832E5 /* GirlCell.swift in Sources */ = {isa = PBXBuildFile; fileRef = 004A336529B4ACDE001832E5 /* GirlCell.swift */; };
		335B22EC5872A60F078A8B89 /* libPods-WaterfallLayoutDemo.a in Frameworks */ = {isa = PBXBuildFile; fileRef = 3EDD8F9D365ECC2A11902F16 /* libPods-WaterfallLayoutDemo.a */; };
/* End PBXBuildFile section */

/* Begin PBXFileReference section */
		004A325729B477E8001832E5 /* WaterfallLayoutDemo.app */ = {isa = PBXFileReference; explicitFileType = wrapper.application; includeInIndex = 0; path = WaterfallLayoutDemo.app; sourceTree = BUILT_PRODUCTS_DIR; };
		004A325A29B477E8001832E5 /* AppDelegate.swift */ = {isa = PBXFileReference; lastKnownFileType = sourcecode.swift; path = AppDelegate.swift; sourceTree = "<group>"; };
		004A325C29B477E8001832E5 /* SceneDelegate.swift */ = {isa = PBXFileReference; lastKnownFileType = sourcecode.swift; path = SceneDelegate.swift; sourceTree = "<group>"; };
		004A325E29B477E8001832E5 /* ViewController.swift */ = {isa = PBXFileReference; lastKnownFileType = sourcecode.swift; path = ViewController.swift; sourceTree = "<group>"; };
		004A326129B477E8001832E5 /* Base */ = {isa = PBXFileReference; lastKnownFileType = file.storyboard; name = Base; path = Base.lproj/Main.storyboard; sourceTree = "<group>"; };
		004A326329B477E8001832E5 /* Assets.xcassets */ = {isa = PBXFileReference; lastKnownFileType = folder.assetcatalog; path = Assets.xcassets; sourceTree = "<group>"; };
		004A326629B477E8001832E5 /* Base */ = {isa = PBXFileReference; lastKnownFileType = file.storyboard; name = Base; path = Base.lproj/LaunchScreen.storyboard; sourceTree = "<group>"; };
		004A326829B477E8001832E5 /* Info.plist */ = {isa = PBXFileReference; lastKnownFileType = text.plist.xml; path = Info.plist; sourceTree = "<group>"; };
		004A327029B47809001832E5 /* WaterfallLayout-Bridging-Header.h */ = {isa = PBXFileReference; lastKnownFileType = sourcecode.c.h; path = "WaterfallLayout-Bridging-Header.h"; sourceTree = "<group>"; };
		004A333629B4958C001832E5 /* WaterfallLayout.swift */ = {isa = PBXFileReference; fileEncoding = 4; lastKnownFileType = sourcecode.swift; path = WaterfallLayout.swift; sourceTree = "<group>"; };
		004A333929B49632001832E5 /* girl_8.jpg */ = {isa = PBXFileReference; lastKnownFileType = image.jpeg; path = girl_8.jpg; sourceTree = "<group>"; };
		004A333B29B49632001832E5 /* girl_4.jpg */ = {isa = PBXFileReference; lastKnownFileType = image.jpeg; path = girl_4.jpg; sourceTree = "<group>"; };
		004A333C29B49632001832E5 /* girl_5.jpg */ = {isa = PBXFileReference; lastKnownFileType = image.jpeg; path = girl_5.jpg; sourceTree = "<group>"; };
		004A333D29B49632001832E5 /* girl_7.jpg */ = {isa = PBXFileReference; lastKnownFileType = image.jpeg; path = girl_7.jpg; sourceTree = "<group>"; };
		004A333E29B49632001832E5 /* girl_6.jpg */ = {isa = PBXFileReference; lastKnownFileType = image.jpeg; path = girl_6.jpg; sourceTree = "<group>"; };
		004A334029B49632001832E5 /* girl_2.jpg */ = {isa = PBXFileReference; lastKnownFileType = image.jpeg; path = girl_2.jpg; sourceTree = "<group>"; };
		004A334129B49632001832E5 /* girl_3.jpg */ = {isa = PBXFileReference; lastKnownFileType = image.jpeg; path = girl_3.jpg; sourceTree = "<group>"; };
		004A334229B49632001832E5 /* girl_1.jpg */ = {isa = PBXFileReference; lastKnownFileType = image.jpeg; path = girl_1.jpg; sourceTree = "<group>"; };
		004A335029B4968F001832E5 /* girl_9.jpg */ = {isa = PBXFileReference; lastKnownFileType = image.jpeg; path = girl_9.jpg; sourceTree = "<group>"; };
		004A335229B496A7001832E5 /* girl_12.jpg */ = {isa = PBXFileReference; lastKnownFileType = image.jpeg; path = girl_12.jpg; sourceTree = "<group>"; };
		004A335429B496AD001832E5 /* girl_15.jpg */ = {isa = PBXFileReference; lastKnownFileType = image.jpeg; path = girl_15.jpg; sourceTree = "<group>"; };
		004A335629B496B4001832E5 /* girl_13.jpg */ = {isa = PBXFileReference; lastKnownFileType = image.jpeg; path = girl_13.jpg; sourceTree = "<group>"; };
		004A335829B496DB001832E5 /* girl_16.jpg */ = {isa = PBXFileReference; lastKnownFileType = image.jpeg; path = girl_16.jpg; sourceTree = "<group>"; };
		004A335A29B496E0001832E5 /* girl_11.jpg */ = {isa = PBXFileReference; lastKnownFileType = image.jpeg; path = girl_11.jpg; sourceTree = "<group>"; };
		004A335C29B496ED001832E5 /* girl_14.jpg */ = {isa = PBXFileReference; lastKnownFileType = image.jpeg; path = girl_14.jpg; sourceTree = "<group>"; };
		004A335E29B496F2001832E5 /* girl_10.jpg */ = {isa = PBXFileReference; lastKnownFileType = image.jpeg; path = girl_10.jpg; sourceTree = "<group>"; };
		004A336329B4ACD3001832E5 /* Girl.swift */ = {isa = PBXFileReference; lastKnownFileType = sourcecode.swift; path = Girl.swift; sourceTree = "<group>"; };
		004A336529B4ACDE001832E5 /* GirlCell.swift */ = {isa = PBXFileReference; lastKnownFileType = sourcecode.swift; path = GirlCell.swift; sourceTree = "<group>"; };
		004A336729B4B909001832E5 /* README.md */ = {isa = PBXFileReference; lastKnownFileType = net.daringfireball.markdown; path = README.md; sourceTree = "<group>"; };
		3EDD8F9D365ECC2A11902F16 /* libPods-WaterfallLayoutDemo.a */ = {isa = PBXFileReference; explicitFileType = archive.ar; includeInIndex = 0; path = "libPods-WaterfallLayoutDemo.a"; sourceTree = BUILT_PRODUCTS_DIR; };
		8D881B2E567D36628DBD6873 /* Pods-WaterfallLayoutDemo.release.xcconfig */ = {isa = PBXFileReference; includeInIndex = 1; lastKnownFileType = text.xcconfig; name = "Pods-WaterfallLayoutDemo.release.xcconfig"; path = "Target Support Files/Pods-WaterfallLayoutDemo/Pods-WaterfallLayoutDemo.release.xcconfig"; sourceTree = "<group>"; };
		BC5597B75565FB75F4D00A82 /* Pods-WaterfallLayoutDemo.debug.xcconfig */ = {isa = PBXFileReference; includeInIndex = 1; lastKnownFileType = text.xcconfig; name = "Pods-WaterfallLayoutDemo.debug.xcconfig"; path = "Target Support Files/Pods-WaterfallLayoutDemo/Pods-WaterfallLayoutDemo.debug.xcconfig"; sourceTree = "<group>"; };
/* End PBXFileReference section */

/* Begin PBXFrameworksBuildPhase section */
		004A325429B477E8001832E5 /* Frameworks */ = {
			isa = PBXFrameworksBuildPhase;
			buildActionMask = 2147483647;
			files = (
				335B22EC5872A60F078A8B89 /* libPods-WaterfallLayoutDemo.a in Frameworks */,
			);
			runOnlyForDeploymentPostprocessing = 0;
		};
/* End PBXFrameworksBuildPhase section */

/* Begin PBXGroup section */
		004A324E29B477E8001832E5 = {
			isa = PBXGroup;
			children = (
				004A336729B4B909001832E5 /* README.md */,
				004A325929B477E8001832E5 /* WaterfallLayoutDemo */,
				004A325829B477E8001832E5 /* Products */,
				D3640479DAE86FDFD27B4F43 /* Pods */,
				C99C7948F97EB4D5AF0B9E7A /* Frameworks */,
			);
			sourceTree = "<group>";
		};
		004A325829B477E8001832E5 /* Products */ = {
			isa = PBXGroup;
			children = (
				004A325729B477E8001832E5 /* WaterfallLayoutDemo.app */,
			);
			name = Products;
			sourceTree = "<group>";
		};
		004A325929B477E8001832E5 /* WaterfallLayoutDemo */ = {
			isa = PBXGroup;
			children = (
				004A325A29B477E8001832E5 /* AppDelegate.swift */,
				004A325C29B477E8001832E5 /* SceneDelegate.swift */,
				004A325E29B477E8001832E5 /* ViewController.swift */,
				004A336229B4ACB8001832E5 /* WaterfallLayout */,
				004A336029B4ACA3001832E5 /* Model */,
				004A336129B4ACAA001832E5 /* Cell */,
				004A333829B49632001832E5 /* Pictures */,
				004A334F29B4963D001832E5 /* Supporting Files */,
			);
			path = WaterfallLayoutDemo;
			sourceTree = "<group>";
		};
		004A333829B49632001832E5 /* Pictures */ = {
			isa = PBXGroup;
			children = (
				004A334229B49632001832E5 /* girl_1.jpg */,
				004A334029B49632001832E5 /* girl_2.jpg */,
				004A334129B49632001832E5 /* girl_3.jpg */,
				004A333B29B49632001832E5 /* girl_4.jpg */,
				004A333C29B49632001832E5 /* girl_5.jpg */,
				004A333E29B49632001832E5 /* girl_6.jpg */,
				004A333D29B49632001832E5 /* girl_7.jpg */,
				004A333929B49632001832E5 /* girl_8.jpg */,
				004A335029B4968F001832E5 /* girl_9.jpg */,
				004A335E29B496F2001832E5 /* girl_10.jpg */,
				004A335A29B496E0001832E5 /* girl_11.jpg */,
				004A335229B496A7001832E5 /* girl_12.jpg */,
				004A335629B496B4001832E5 /* girl_13.jpg */,
				004A335C29B496ED001832E5 /* girl_14.jpg */,
				004A335429B496AD001832E5 /* girl_15.jpg */,
				004A335829B496DB001832E5 /* girl_16.jpg */,
			);
			path = Pictures;
			sourceTree = "<group>";
		};
		004A334F29B4963D001832E5 /* Supporting Files */ = {
			isa = PBXGroup;
			children = (
				004A326329B477E8001832E5 /* Assets.xcassets */,
				004A326829B477E8001832E5 /* Info.plist */,
				004A326529B477E8001832E5 /* LaunchScreen.storyboard */,
				004A326029B477E8001832E5 /* Main.storyboard */,
				004A327029B47809001832E5 /* WaterfallLayout-Bridging-Header.h */,
			);
			name = "Supporting Files";
			sourceTree = "<group>";
		};
		004A336029B4ACA3001832E5 /* Model */ = {
			isa = PBXGroup;
			children = (
				004A336329B4ACD3001832E5 /* Girl.swift */,
			);
			path = Model;
			sourceTree = "<group>";
		};
		004A336129B4ACAA001832E5 /* Cell */ = {
			isa = PBXGroup;
			children = (
				004A336529B4ACDE001832E5 /* GirlCell.swift */,
			);
			path = Cell;
			sourceTree = "<group>";
		};
		004A336229B4ACB8001832E5 /* WaterfallLayout */ = {
			isa = PBXGroup;
			children = (
				004A333629B4958C001832E5 /* WaterfallLayout.swift */,
			);
			path = WaterfallLayout;
			sourceTree = "<group>";
		};
		C99C7948F97EB4D5AF0B9E7A /* Frameworks */ = {
			isa = PBXGroup;
			children = (
				3EDD8F9D365ECC2A11902F16 /* libPods-WaterfallLayoutDemo.a */,
			);
			name = Frameworks;
			sourceTree = "<group>";
		};
		D3640479DAE86FDFD27B4F43 /* Pods */ = {
			isa = PBXGroup;
			children = (
				BC5597B75565FB75F4D00A82 /* Pods-WaterfallLayoutDemo.debug.xcconfig */,
				8D881B2E567D36628DBD6873 /* Pods-WaterfallLayoutDemo.release.xcconfig */,
			);
			path = Pods;
			sourceTree = "<group>";
		};
/* End PBXGroup section */

/* Begin PBXNativeTarget section */
		004A325629B477E8001832E5 /* WaterfallLayoutDemo */ = {
			isa = PBXNativeTarget;
			buildConfigurationList = 004A326B29B477E8001832E5 /* Build configuration list for PBXNativeTarget "WaterfallLayoutDemo" */;
			buildPhases = (
				19B7D4EA9BF2D16CB0267A87 /* [CP] Check Pods Manifest.lock */,
				004A325329B477E8001832E5 /* Sources */,
				004A325429B477E8001832E5 /* Frameworks */,
				004A325529B477E8001832E5 /* Resources */,
			);
			buildRules = (
			);
			dependencies = (
			);
			name = WaterfallLayoutDemo;
			productName = WaterfallLayout;
			productReference = 004A325729B477E8001832E5 /* WaterfallLayoutDemo.app */;
			productType = "com.apple.product-type.application";
		};
/* End PBXNativeTarget section */

/* Begin PBXProject section */
		004A324F29B477E8001832E5 /* Project object */ = {
			isa = PBXProject;
			attributes = {
				BuildIndependentTargetsInParallel = 1;
				LastSwiftUpdateCheck = 1420;
				LastUpgradeCheck = 1420;
				TargetAttributes = {
					004A325629B477E8001832E5 = {
						CreatedOnToolsVersion = 14.2;
						LastSwiftMigration = 1420;
					};
				};
			};
			buildConfigurationList = 004A325229B477E8001832E5 /* Build configuration list for PBXProject "WaterfallLayoutDemo" */;
			compatibilityVersion = "Xcode 14.0";
			developmentRegion = en;
			hasScannedForEncodings = 0;
			knownRegions = (
				en,
				Base,
			);
			mainGroup = 004A324E29B477E8001832E5;
			productRefGroup = 004A325829B477E8001832E5 /* Products */;
			projectDirPath = "";
			projectRoot = "";
			targets = (
				004A325629B477E8001832E5 /* WaterfallLayoutDemo */,
			);
		};
/* End PBXProject section */

/* Begin PBXResourcesBuildPhase section */
		004A325529B477E8001832E5 /* Resources */ = {
			isa = PBXResourcesBuildPhase;
			buildActionMask = 2147483647;
			files = (
				004A335129B4968F001832E5 /* girl_9.jpg in Resources */,
				004A326729B477E8001832E5 /* LaunchScreen.storyboard in Resources */,
				004A335329B496A7001832E5 /* girl_12.jpg in Resources */,
				004A334729B49632001832E5 /* girl_5.jpg in Resources */,
				004A334629B49632001832E5 /* girl_4.jpg in Resources */,
				004A334D29B49632001832E5 /* girl_1.jpg in Resources */,
				004A335D29B496ED001832E5 /* girl_14.jpg in Resources */,
				004A335B29B496E0001832E5 /* girl_11.jpg in Resources */,
				004A326429B477E8001832E5 /* Assets.xcassets in Resources */,
				004A334C29B49632001832E5 /* girl_3.jpg in Resources */,
				004A335929B496DB001832E5 /* girl_16.jpg in Resources */,
				004A334829B49632001832E5 /* girl_7.jpg in Resources */,
				004A334B29B49632001832E5 /* girl_2.jpg in Resources */,
				004A335729B496B4001832E5 /* girl_13.jpg in Resources */,
				004A334429B49632001832E5 /* girl_8.jpg in Resources */,
				004A326229B477E8001832E5 /* Main.storyboard in Resources */,
				004A335529B496AD001832E5 /* girl_15.jpg in Resources */,
				004A335F29B496F2001832E5 /* girl_10.jpg in Resources */,
				004A334929B49632001832E5 /* girl_6.jpg in Resources */,
			);
			runOnlyForDeploymentPostprocessing = 0;
		};
/* End PBXResourcesBuildPhase section */

/* Begin PBXShellScriptBuildPhase section */
		19B7D4EA9BF2D16CB0267A87 /* [CP] Check Pods Manifest.lock */ = {
			isa = PBXShellScriptBuildPhase;
			buildActionMask = 2147483647;
			files = (
			);
			inputFileListPaths = (
			);
			inputPaths = (
				"${PODS_PODFILE_DIR_PATH}/Podfile.lock",
				"${PODS_ROOT}/Manifest.lock",
			);
			name = "[CP] Check Pods Manifest.lock";
			outputFileListPaths = (
			);
			outputPaths = (
				"$(DERIVED_FILE_DIR)/Pods-WaterfallLayoutDemo-checkManifestLockResult.txt",
			);
			runOnlyForDeploymentPostprocessing = 0;
			shellPath = /bin/sh;
			shellScript = "diff \"${PODS_PODFILE_DIR_PATH}/Podfile.lock\" \"${PODS_ROOT}/Manifest.lock\" > /dev/null\nif [ $? != 0 ] ; then\n    # print error to STDERR\n    echo \"error: The sandbox is not in sync with the Podfile.lock. Run 'pod install' or update your CocoaPods installation.\" >&2\n    exit 1\nfi\n# This output is used by Xcode 'outputs' to avoid re-running this script phase.\necho \"SUCCESS\" > \"${SCRIPT_OUTPUT_FILE_0}\"\n";
			showEnvVarsInLog = 0;
		};
/* End PBXShellScriptBuildPhase section */

/* Begin PBXSourcesBuildPhase section */
		004A325329B477E8001832E5 /* Sources */ = {
			isa = PBXSourcesBuildPhase;
			buildActionMask = 2147483647;
			files = (
				004A336429B4ACD3001832E5 /* Girl.swift in Sources */,
				004A333729B4958C001832E5 /* WaterfallLayout.swift in Sources */,
				004A325F29B477E8001832E5 /* ViewController.swift in Sources */,
				004A325B29B477E8001832E5 /* AppDelegate.swift in Sources */,
				004A325D29B477E8001832E5 /* SceneDelegate.swift in Sources */,
				004A336629B4ACDE001832E5 /* GirlCell.swift in Sources */,
			);
			runOnlyForDeploymentPostprocessing = 0;
		};
/* End PBXSourcesBuildPhase section */

/* Begin PBXVariantGroup section */
		004A326029B477E8001832E5 /* Main.storyboard */ = {
			isa = PBXVariantGroup;
			children = (
				004A326129B477E8001832E5 /* Base */,
			);
			name = Main.storyboard;
			sourceTree = "<group>";
		};
		004A326529B477E8001832E5 /* LaunchScreen.storyboard */ = {
			isa = PBXVariantGroup;
			children = (
				004A326629B477E8001832E5 /* Base */,
			);
			name = LaunchScreen.storyboard;
			sourceTree = "<group>";
		};
/* End PBXVariantGroup section */

/* Begin XCBuildConfiguration section */
		004A326929B477E8001832E5 /* Debug */ = {
			isa = XCBuildConfiguration;
			buildSettings = {
				ALWAYS_SEARCH_USER_PATHS = NO;
				CLANG_ANALYZER_NONNULL = YES;
				CLANG_ANALYZER_NUMBER_OBJECT_CONVERSION = YES_AGGRESSIVE;
				CLANG_CXX_LANGUAGE_STANDARD = "gnu++20";
				CLANG_ENABLE_MODULES = YES;
				CLANG_ENABLE_OBJC_ARC = YES;
				CLANG_ENABLE_OBJC_WEAK = YES;
				CLANG_WARN_BLOCK_CAPTURE_AUTORELEASING = YES;
				CLANG_WARN_BOOL_CONVERSION = YES;
				CLANG_WARN_COMMA = YES;
				CLANG_WARN_CONSTANT_CONVERSION = YES;
				CLANG_WARN_DEPRECATED_OBJC_IMPLEMENTATIONS = YES;
				CLANG_WARN_DIRECT_OBJC_ISA_USAGE = YES_ERROR;
				CLANG_WARN_DOCUMENTATION_COMMENTS = YES;
				CLANG_WARN_EMPTY_BODY = YES;
				CLANG_WARN_ENUM_CONVERSION = YES;
				CLANG_WARN_INFINITE_RECURSION = YES;
				CLANG_WARN_INT_CONVERSION = YES;
				CLANG_WARN_NON_LITERAL_NULL_CONVERSION = YES;
				CLANG_WARN_OBJC_IMPLICIT_RETAIN_SELF = YES;
				CLANG_WARN_OBJC_LITERAL_CONVERSION = YES;
				CLANG_WARN_OBJC_ROOT_CLASS = YES_ERROR;
				CLANG_WARN_QUOTED_INCLUDE_IN_FRAMEWORK_HEADER = YES;
				CLANG_WARN_RANGE_LOOP_ANALYSIS = YES;
				CLANG_WARN_STRICT_PROTOTYPES = YES;
				CLANG_WARN_SUSPICIOUS_MOVE = YES;
				CLANG_WARN_UNGUARDED_AVAILABILITY = YES_AGGRESSIVE;
				CLANG_WARN_UNREACHABLE_CODE = YES;
				CLANG_WARN__DUPLICATE_METHOD_MATCH = YES;
				COPY_PHASE_STRIP = NO;
				DEBUG_INFORMATION_FORMAT = dwarf;
				ENABLE_STRICT_OBJC_MSGSEND = YES;
				ENABLE_TESTABILITY = YES;
				GCC_C_LANGUAGE_STANDARD = gnu11;
				GCC_DYNAMIC_NO_PIC = NO;
				GCC_NO_COMMON_BLOCKS = YES;
				GCC_OPTIMIZATION_LEVEL = 0;
				GCC_PREPROCESSOR_DEFINITIONS = (
					"DEBUG=1",
					"$(inherited)",
				);
				GCC_WARN_64_TO_32_BIT_CONVERSION = YES;
				GCC_WARN_ABOUT_RETURN_TYPE = YES_ERROR;
				GCC_WARN_UNDECLARED_SELECTOR = YES;
				GCC_WARN_UNINITIALIZED_AUTOS = YES_AGGRESSIVE;
				GCC_WARN_UNUSED_FUNCTION = YES;
				GCC_WARN_UNUSED_VARIABLE = YES;
				IPHONEOS_DEPLOYMENT_TARGET = 16.2;
				MTL_ENABLE_DEBUG_INFO = INCLUDE_SOURCE;
				MTL_FAST_MATH = YES;
				ONLY_ACTIVE_ARCH = YES;
				SDKROOT = iphoneos;
				SWIFT_ACTIVE_COMPILATION_CONDITIONS = DEBUG;
				SWIFT_OPTIMIZATION_LEVEL = "-Onone";
			};
			name = Debug;
		};
		004A326A29B477E8001832E5 /* Release */ = {
			isa = XCBuildConfiguration;
			buildSettings = {
				ALWAYS_SEARCH_USER_PATHS = NO;
				CLANG_ANALYZER_NONNULL = YES;
				CLANG_ANALYZER_NUMBER_OBJECT_CONVERSION = YES_AGGRESSIVE;
				CLANG_CXX_LANGUAGE_STANDARD = "gnu++20";
				CLANG_ENABLE_MODULES = YES;
				CLANG_ENABLE_OBJC_ARC = YES;
				CLANG_ENABLE_OBJC_WEAK = YES;
				CLANG_WARN_BLOCK_CAPTURE_AUTORELEASING = YES;
				CLANG_WARN_BOOL_CONVERSION = YES;
				CLANG_WARN_COMMA = YES;
				CLANG_WARN_CONSTANT_CONVERSION = YES;
				CLANG_WARN_DEPRECATED_OBJC_IMPLEMENTATIONS = YES;
				CLANG_WARN_DIRECT_OBJC_ISA_USAGE = YES_ERROR;
				CLANG_WARN_DOCUMENTATION_COMMENTS = YES;
				CLANG_WARN_EMPTY_BODY = YES;
				CLANG_WARN_ENUM_CONVERSION = YES;
				CLANG_WARN_INFINITE_RECURSION = YES;
				CLANG_WARN_INT_CONVERSION = YES;
				CLANG_WARN_NON_LITERAL_NULL_CONVERSION = YES;
				CLANG_WARN_OBJC_IMPLICIT_RETAIN_SELF = YES;
				CLANG_WARN_OBJC_LITERAL_CONVERSION = YES;
				CLANG_WARN_OBJC_ROOT_CLASS = YES_ERROR;
				CLANG_WARN_QUOTED_INCLUDE_IN_FRAMEWORK_HEADER = YES;
				CLANG_WARN_RANGE_LOOP_ANALYSIS = YES;
				CLANG_WARN_STRICT_PROTOTYPES = YES;
				CLANG_WARN_SUSPICIOUS_MOVE = YES;
				CLANG_WARN_UNGUARDED_AVAILABILITY = YES_AGGRESSIVE;
				CLANG_WARN_UNREACHABLE_CODE = YES;
				CLANG_WARN__DUPLICATE_METHOD_MATCH = YES;
				COPY_PHASE_STRIP = NO;
				DEBUG_INFORMATION_FORMAT = "dwarf-with-dsym";
				ENABLE_NS_ASSERTIONS = NO;
				ENABLE_STRICT_OBJC_MSGSEND = YES;
				GCC_C_LANGUAGE_STANDARD = gnu11;
				GCC_NO_COMMON_BLOCKS = YES;
				GCC_WARN_64_TO_32_BIT_CONVERSION = YES;
				GCC_WARN_ABOUT_RETURN_TYPE = YES_ERROR;
				GCC_WARN_UNDECLARED_SELECTOR = YES;
				GCC_WARN_UNINITIALIZED_AUTOS = YES_AGGRESSIVE;
				GCC_WARN_UNUSED_FUNCTION = YES;
				GCC_WARN_UNUSED_VARIABLE = YES;
				IPHONEOS_DEPLOYMENT_TARGET = 16.2;
				MTL_ENABLE_DEBUG_INFO = NO;
				MTL_FAST_MATH = YES;
				SDKROOT = iphoneos;
				SWIFT_COMPILATION_MODE = wholemodule;
				SWIFT_OPTIMIZATION_LEVEL = "-O";
				VALIDATE_PRODUCT = YES;
			};
			name = Release;
		};
		004A326C29B477E8001832E5 /* Debug */ = {
			isa = XCBuildConfiguration;
			baseConfigurationReference = BC5597B75565FB75F4D00A82 /* Pods-WaterfallLayoutDemo.debug.xcconfig */;
			buildSettings = {
				ASSETCATALOG_COMPILER_APPICON_NAME = AppIcon;
				ASSETCATALOG_COMPILER_GLOBAL_ACCENT_COLOR_NAME = AccentColor;
				CLANG_ENABLE_MODULES = YES;
				CODE_SIGN_STYLE = Automatic;
				CURRENT_PROJECT_VERSION = 1;
				DEVELOPMENT_TEAM = FH4WHYK8ZQ;
				GENERATE_INFOPLIST_FILE = YES;
				INFOPLIST_FILE = WaterfallLayoutDemo/Info.plist;
				INFOPLIST_KEY_UIApplicationSupportsIndirectInputEvents = YES;
				INFOPLIST_KEY_UILaunchStoryboardName = LaunchScreen;
				INFOPLIST_KEY_UIMainStoryboardFile = Main;
				INFOPLIST_KEY_UISupportedInterfaceOrientations = "UIInterfaceOrientationLandscapeLeft UIInterfaceOrientationLandscapeRight UIInterfaceOrientationPortrait";
				INFOPLIST_KEY_UISupportedInterfaceOrientations_iPad = "UIInterfaceOrientationLandscapeLeft UIInterfaceOrientationLandscapeRight UIInterfaceOrientationPortrait UIInterfaceOrientationPortraitUpsideDown";
				IPHONEOS_DEPLOYMENT_TARGET = 13.1;
				LD_RUNPATH_SEARCH_PATHS = (
					"$(inherited)",
					"@executable_path/Frameworks",
				);
				MARKETING_VERSION = 1.0;
				PRODUCT_BUNDLE_IDENTIFIER = com.zhoujianping.WaterfallLayoutDemo;
				PRODUCT_NAME = "$(TARGET_NAME)";
				SUPPORTED_PLATFORMS = "iphoneos iphonesimulator";
				SUPPORTS_MACCATALYST = NO;
				SUPPORTS_MAC_DESIGNED_FOR_IPHONE_IPAD = NO;
				SWIFT_EMIT_LOC_STRINGS = YES;
				SWIFT_OBJC_BRIDGING_HEADER = "WaterfallLayoutDemo/WaterfallLayout-Bridging-Header.h";
				SWIFT_OPTIMIZATION_LEVEL = "-Onone";
				SWIFT_VERSION = 5.0;
				TARGETED_DEVICE_FAMILY = 1;
			};
			name = Debug;
		};
		004A326D29B477E8001832E5 /* Release */ = {
			isa = XCBuildConfiguration;
			baseConfigurationReference = 8D881B2E567D36628DBD6873 /* Pods-WaterfallLayoutDemo.release.xcconfig */;
			buildSettings = {
				ASSETCATALOG_COMPILER_APPICON_NAME = AppIcon;
				ASSETCATALOG_COMPILER_GLOBAL_ACCENT_COLOR_NAME = AccentColor;
				CLANG_ENABLE_MODULES = YES;
				CODE_SIGN_STYLE = Automatic;
				CURRENT_PROJECT_VERSION = 1;
				DEVELOPMENT_TEAM = FH4WHYK8ZQ;
				GENERATE_INFOPLIST_FILE = YES;
				INFOPLIST_FILE = WaterfallLayoutDemo/Info.plist;
				INFOPLIST_KEY_UIApplicationSupportsIndirectInputEvents = YES;
				INFOPLIST_KEY_UILaunchStoryboardName = LaunchScreen;
				INFOPLIST_KEY_UIMainStoryboardFile = Main;
				INFOPLIST_KEY_UISupportedInterfaceOrientations = "UIInterfaceOrientationLandscapeLeft UIInterfaceOrientationLandscapeRight UIInterfaceOrientationPortrait";
				INFOPLIST_KEY_UISupportedInterfaceOrientations_iPad = "UIInterfaceOrientationLandscapeLeft UIInterfaceOrientationLandscapeRight UIInterfaceOrientationPortrait UIInterfaceOrientationPortraitUpsideDown";
				IPHONEOS_DEPLOYMENT_TARGET = 13.1;
				LD_RUNPATH_SEARCH_PATHS = (
					"$(inherited)",
					"@executable_path/Frameworks",
				);
				MARKETING_VERSION = 1.0;
				PRODUCT_BUNDLE_IDENTIFIER = com.zhoujianping.WaterfallLayoutDemo;
				PRODUCT_NAME = "$(TARGET_NAME)";
				SUPPORTED_PLATFORMS = "iphoneos iphonesimulator";
				SUPPORTS_MACCATALYST = NO;
				SUPPORTS_MAC_DESIGNED_FOR_IPHONE_IPAD = NO;
				SWIFT_EMIT_LOC_STRINGS = YES;
				SWIFT_OBJC_BRIDGING_HEADER = "WaterfallLayoutDemo/WaterfallLayout-Bridging-Header.h";
				SWIFT_VERSION = 5.0;
				TARGETED_DEVICE_FAMILY = 1;
			};
			name = Release;
		};
/* End XCBuildConfiguration section */

/* Begin XCConfigurationList section */
		004A325229B477E8001832E5 /* Build configuration list for PBXProject "WaterfallLayoutDemo" */ = {
			isa = XCConfigurationList;
			buildConfigurations = (
				004A326929B477E8001832E5 /* Debug */,
				004A326A29B477E8001832E5 /* Release */,
			);
			defaultConfigurationIsVisible = 0;
			defaultConfigurationName = Release;
		};
		004A326B29B477E8001832E5 /* Build configuration list for PBXNativeTarget "WaterfallLayoutDemo" */ = {
			isa = XCConfigurationList;
			buildConfigurations = (
				004A326C29B477E8001832E5 /* Debug */,
				004A326D29B477E8001832E5 /* Release */,
			);
			defaultConfigurationIsVisible = 0;
			defaultConfigurationName = Release;
		};
/* End XCConfigurationList section */
	};
	rootObject = 004A324F29B477E8001832E5 /* Project object */;
}
